
Microsoft Visual Studio Solution File, Format Version 12.00
Project("{2150E333-8FDC-42A3-9474-1A3956D46DE8}") = "src", "src", "{D3DDE8F7-C32C-437D-984B-3B2F83F49FC0}"
EndProject
Project("{2150E333-8FDC-42A3-9474-1A3956D46DE8}") = "tests", "tests", "{3BC5A5FE-EE27-49F7-A1C7-DA9FED39EC2C}"
EndProject
Project("{FAE04EC0-301F-11D3-BF4B-00C04F79EFBC}") = "FindMyIp.Configuration", "FindMyIp.Configuration\FindMyIp.Configuration.csproj", "{22B69DA6-C6C0-47B1-8997-D99242468120}"
EndProject
Project("{FAE04EC0-301F-11D3-BF4B-00C04F79EFBC}") = "FindMyIp.Core", "FindMyIp.Core\FindMyIp.Core.csproj", "{EEB2F258-5A4A-4806-A415-42FAC395B890}"
EndProject
Project("{FAE04EC0-301F-11D3-BF4B-00C04F79EFBC}") = "FindMyIp.Domain", "FindMyIp.Domain\FindMyIp.Domain.csproj", "{A780D6BD-4592-4606-888D-D6B04BA4E144}"
EndProject
Project("{FAE04EC0-301F-11D3-BF4B-00C04F79EFBC}") = "FindMyIp.Infrastructure", "FindMyIp.Infrastructure\FindMyIp.Infrastructure.csproj", "{E87634C9-527D-4BBE-A6D5-08E52EE28569}"
EndProject
Project("{FAE04EC0-301F-11D3-BF4B-00C04F79EFBC}") = "FindMyIp.Tests", "FindMyIp.Tests\FindMyIp.Tests.csproj", "{441F426A-9C36-4109-A7EB-4E2A92F6768B}"
EndProject
Project("{FAE04EC0-301F-11D3-BF4B-00C04F79EFBC}") = "FindMyIp.Api", "FindMyIp.Api\FindMyIp.Api.csproj", "{800A242D-D421-4E6E-A513-F9612639803C}"
EndProject
Global
	GlobalSection(SolutionConfigurationPlatforms) = preSolution
		Debug|Any CPU = Debug|Any CPU
		Release|Any CPU = Release|Any CPU
	EndGlobalSection
	GlobalSection(NestedProjects) = preSolution
		{22B69DA6-C6C0-47B1-8997-D99242468120} = {D3DDE8F7-C32C-437D-984B-3B2F83F49FC0}
		{EEB2F258-5A4A-4806-A415-42FAC395B890} = {D3DDE8F7-C32C-437D-984B-3B2F83F49FC0}
		{A780D6BD-4592-4606-888D-D6B04BA4E144} = {D3DDE8F7-C32C-437D-984B-3B2F83F49FC0}
		{E87634C9-527D-4BBE-A6D5-08E52EE28569} = {D3DDE8F7-C32C-437D-984B-3B2F83F49FC0}
		{441F426A-9C36-4109-A7EB-4E2A92F6768B} = {3BC5A5FE-EE27-49F7-A1C7-DA9FED39EC2C}
		{800A242D-D421-4E6E-A513-F9612639803C} = {D3DDE8F7-C32C-437D-984B-3B2F83F49FC0}
	EndGlobalSection
	GlobalSection(ProjectConfigurationPlatforms) = postSolution
		{22B69DA6-C6C0-47B1-8997-D99242468120}.Debug|Any CPU.ActiveCfg = Debug|Any CPU
		{22B69DA6-C6C0-47B1-8997-D99242468120}.Debug|Any CPU.Build.0 = Debug|Any CPU
		{22B69DA6-C6C0-47B1-8997-D99242468120}.Release|Any CPU.ActiveCfg = Release|Any CPU
		{22B69DA6-C6C0-47B1-8997-D99242468120}.Release|Any CPU.Build.0 = Release|Any CPU
		{EEB2F258-5A4A-4806-A415-42FAC395B890}.Debug|Any CPU.ActiveCfg = Debug|Any CPU
		{EEB2F258-5A4A-4806-A415-42FAC395B890}.Debug|Any CPU.Build.0 = Debug|Any CPU
		{EEB2F258-5A4A-4806-A415-42FAC395B890}.Release|Any CPU.ActiveCfg = Release|Any CPU
		{EEB2F258-5A4A-4806-A415-42FAC395B890}.Release|Any CPU.Build.0 = Release|Any CPU
		{A780D6BD-4592-4606-888D-D6B04BA4E144}.Debug|Any CPU.ActiveCfg = Debug|Any CPU
		{A780D6BD-4592-4606-888D-D6B04BA4E144}.Debug|Any CPU.Build.0 = Debug|Any CPU
		{A780D6BD-4592-4606-888D-D6B04BA4E144}.Release|Any CPU.ActiveCfg = Release|Any CPU
		{A780D6BD-4592-4606-888D-D6B04BA4E144}.Release|Any CPU.Build.0 = Release|Any CPU
		{E87634C9-527D-4BBE-A6D5-08E52EE28569}.Debug|Any CPU.ActiveCfg = Debug|Any CPU
		{E87634C9-527D-4BBE-A6D5-08E52EE28569}.Debug|Any CPU.Build.0 = Debug|Any CPU
		{E87634C9-527D-4BBE-A6D5-08E52EE28569}.Release|Any CPU.ActiveCfg = Release|Any CPU
		{E87634C9-527D-4BBE-A6D5-08E52EE28569}.Release|Any CPU.Build.0 = Release|Any CPU
		{441F426A-9C36-4109-A7EB-4E2A92F6768B}.Debug|Any CPU.ActiveCfg = Debug|Any CPU
		{441F426A-9C36-4109-A7EB-4E2A92F6768B}.Debug|Any CPU.Build.0 = Debug|Any CPU
		{441F426A-9C36-4109-A7EB-4E2A92F6768B}.Release|Any CPU.ActiveCfg = Release|Any CPU
		{441F426A-9C36-4109-A7EB-4E2A92F6768B}.Release|Any CPU.Build.0 = Release|Any CPU
		{800A242D-D421-4E6E-A513-F9612639803C}.Debug|Any CPU.ActiveCfg = Debug|Any CPU
		{800A242D-D421-4E6E-A513-F9612639803C}.Debug|Any CPU.Build.0 = Debug|Any CPU
		{800A242D-D421-4E6E-A513-F9612639803C}.Release|Any CPU.ActiveCfg = Release|Any CPU
		{800A242D-D421-4E6E-A513-F9612639803C}.Release|Any CPU.Build.0 = Release|Any CPU
	EndGlobalSection
EndGlobal
