
Microsoft Visual Studio Solution File, Format Version 12.00
# Visual Studio Version 17
VisualStudioVersion = 17.0.31903.59
MinimumVisualStudioVersion = 10.0.40219.1
Project("{FAE04EC0-301F-11D3-BF4B-00C04F79EFBC}") = "FindMyIp.Api", "src\app\FindMyIp.Api\FindMyIp.Api.csproj", "{62B3EC9F-9C80-44EA-BA04-25F99F874DE8}"
EndProject
Project("{FAE04EC0-301F-11D3-BF4B-00C04F79EFBC}") = "FindMyIp.Configuration", "src\lib\FindMyIp.Configuration\FindMyIp.Configuration.csproj", "{06555A33-8BAB-4E8C-9250-BF906E79C8C0}"
EndProject
Project("{FAE04EC0-301F-11D3-BF4B-00C04F79EFBC}") = "FindMyIp.Core", "src\lib\FindMyIp.Core\FindMyIp.Core.csproj", "{6B9106ED-EBE2-495A-98BD-C787F5950880}"
EndProject
Project("{FAE04EC0-301F-11D3-BF4B-00C04F79EFBC}") = "FindMyIp.Domain", "src\lib\FindMyIp.Domain\FindMyIp.Domain.csproj", "{99721277-8CD0-4B8F-82C5-53D5356F4DB3}"
EndProject
Project("{FAE04EC0-301F-11D3-BF4B-00C04F79EFBC}") = "FindMyIp.Infrastructure", "src\lib\FindMyIp.Infrastructure\FindMyIp.Infrastructure.csproj", "{4D42AE77-2CBD-4E76-AFA2-F5CACC47DBBB}"
EndProject
Project("{FAE04EC0-301F-11D3-BF4B-00C04F79EFBC}") = "FindMyIp.Tests", "tests\FindMyIp.Tests\FindMyIp.Tests.csproj", "{C3F2D4B3-C335-4DF9-929B-B33BF939CD2E}"
EndProject
Project("{2150E333-8FDC-42A3-9474-1A3956D46DE8}") = "src", "src", "{41702C25-9D0D-416D-AA07-DAF8C998BB0F}"
EndProject
Project("{2150E333-8FDC-42A3-9474-1A3956D46DE8}") = "app", "app", "{E9122EFA-1C69-4FA6-870F-094F27A2004A}"
EndProject
Project("{2150E333-8FDC-42A3-9474-1A3956D46DE8}") = "lib", "lib", "{FA8490E0-EBE6-426C-B88B-3C9DCAFAEEBA}"
EndProject
Project("{2150E333-8FDC-42A3-9474-1A3956D46DE8}") = "tests", "tests", "{3D549A69-4219-4B11-8B85-7B32636318A4}"
EndProject
Global
	GlobalSection(SolutionConfigurationPlatforms) = preSolution
		Debug|Any CPU = Debug|Any CPU
		Release|Any CPU = Release|Any CPU
	EndGlobalSection
	GlobalSection(SolutionProperties) = preSolution
		HideSolutionNode = FALSE
	EndGlobalSection
	GlobalSection(ProjectConfigurationPlatforms) = postSolution
		{62B3EC9F-9C80-44EA-BA04-25F99F874DE8}.Debug|Any CPU.ActiveCfg = Debug|Any CPU
		{62B3EC9F-9C80-44EA-BA04-25F99F874DE8}.Debug|Any CPU.Build.0 = Debug|Any CPU
		{62B3EC9F-9C80-44EA-BA04-25F99F874DE8}.Release|Any CPU.ActiveCfg = Release|Any CPU
		{62B3EC9F-9C80-44EA-BA04-25F99F874DE8}.Release|Any CPU.Build.0 = Release|Any CPU
		{06555A33-8BAB-4E8C-9250-BF906E79C8C0}.Debug|Any CPU.ActiveCfg = Debug|Any CPU
		{06555A33-8BAB-4E8C-9250-BF906E79C8C0}.Debug|Any CPU.Build.0 = Debug|Any CPU
		{06555A33-8BAB-4E8C-9250-BF906E79C8C0}.Release|Any CPU.ActiveCfg = Release|Any CPU
		{06555A33-8BAB-4E8C-9250-BF906E79C8C0}.Release|Any CPU.Build.0 = Release|Any CPU
		{6B9106ED-EBE2-495A-98BD-C787F5950880}.Debug|Any CPU.ActiveCfg = Debug|Any CPU
		{6B9106ED-EBE2-495A-98BD-C787F5950880}.Debug|Any CPU.Build.0 = Debug|Any CPU
		{6B9106ED-EBE2-495A-98BD-C787F5950880}.Release|Any CPU.ActiveCfg = Release|Any CPU
		{6B9106ED-EBE2-495A-98BD-C787F5950880}.Release|Any CPU.Build.0 = Release|Any CPU
		{99721277-8CD0-4B8F-82C5-53D5356F4DB3}.Debug|Any CPU.ActiveCfg = Debug|Any CPU
		{99721277-8CD0-4B8F-82C5-53D5356F4DB3}.Debug|Any CPU.Build.0 = Debug|Any CPU
		{99721277-8CD0-4B8F-82C5-53D5356F4DB3}.Release|Any CPU.ActiveCfg = Release|Any CPU
		{99721277-8CD0-4B8F-82C5-53D5356F4DB3}.Release|Any CPU.Build.0 = Release|Any CPU
		{4D42AE77-2CBD-4E76-AFA2-F5CACC47DBBB}.Debug|Any CPU.ActiveCfg = Debug|Any CPU
		{4D42AE77-2CBD-4E76-AFA2-F5CACC47DBBB}.Debug|Any CPU.Build.0 = Debug|Any CPU
		{4D42AE77-2CBD-4E76-AFA2-F5CACC47DBBB}.Release|Any CPU.ActiveCfg = Release|Any CPU
		{4D42AE77-2CBD-4E76-AFA2-F5CACC47DBBB}.Release|Any CPU.Build.0 = Release|Any CPU
		{C3F2D4B3-C335-4DF9-929B-B33BF939CD2E}.Debug|Any CPU.ActiveCfg = Debug|Any CPU
		{C3F2D4B3-C335-4DF9-929B-B33BF939CD2E}.Debug|Any CPU.Build.0 = Debug|Any CPU
		{C3F2D4B3-C335-4DF9-929B-B33BF939CD2E}.Release|Any CPU.ActiveCfg = Release|Any CPU
		{C3F2D4B3-C335-4DF9-929B-B33BF939CD2E}.Release|Any CPU.Build.0 = Release|Any CPU
	EndGlobalSection
	GlobalSection(NestedProjects) = preSolution
		{E9122EFA-1C69-4FA6-870F-094F27A2004A} = {41702C25-9D0D-416D-AA07-DAF8C998BB0F}
		{FA8490E0-EBE6-426C-B88B-3C9DCAFAEEBA} = {41702C25-9D0D-416D-AA07-DAF8C998BB0F}
		{62B3EC9F-9C80-44EA-BA04-25F99F874DE8} = {E9122EFA-1C69-4FA6-870F-094F27A2004A}
		{06555A33-8BAB-4E8C-9250-BF906E79C8C0} = {FA8490E0-EBE6-426C-B88B-3C9DCAFAEEBA}
		{6B9106ED-EBE2-495A-98BD-C787F5950880} = {FA8490E0-EBE6-426C-B88B-3C9DCAFAEEBA}
		{99721277-8CD0-4B8F-82C5-53D5356F4DB3} = {FA8490E0-EBE6-426C-B88B-3C9DCAFAEEBA}
		{4D42AE77-2CBD-4E76-AFA2-F5CACC47DBBB} = {FA8490E0-EBE6-426C-B88B-3C9DCAFAEEBA}
		{C3F2D4B3-C335-4DF9-929B-B33BF939CD2E} = {3D549A69-4219-4B11-8B85-7B32636318A4}
	EndGlobalSection
EndGlobal
